// !$*UTF8*$!
{
	archiveVersion = 1;
	classes = {
	};
	objectVersion = 51;
	objects = {

/* Begin PBXBuildFile section */
		21FC07D3136ADBAC73EF6512 /* Pods_frontend_iosTests.framework in Frameworks */ = {isa = PBXBuildFile; fileRef = 1B88FF22933C1EC9EFD15D3A /* Pods_frontend_iosTests.framework */; };
		707C1FB8F76206361627D900 /* Pods_frontend_ios.framework in Frameworks */ = {isa = PBXBuildFile; fileRef = 84B99D708CE8857EB75092C6 /* Pods_frontend_ios.framework */; };
		C70377AD255C31680093FDC1 /* Coordinator.swift in Sources */ = {isa = PBXBuildFile; fileRef = C70377AC255C31680093FDC1 /* Coordinator.swift */; };
		C70377C4255C5A130093FDC1 /* CategoriesViewController.swift in Sources */ = {isa = PBXBuildFile; fileRef = C70377B6255C57C40093FDC1 /* CategoriesViewController.swift */; };
		C70377C9255C5A170093FDC1 /* CategoriesViewModel.swift in Sources */ = {isa = PBXBuildFile; fileRef = C71140252547BA48004F17F8 /* CategoriesViewModel.swift */; };
		C70377CC255C5A1D0093FDC1 /* ProductsViewModel.swift in Sources */ = {isa = PBXBuildFile; fileRef = C70377B7255C57C50093FDC1 /* ProductsViewModel.swift */; };
		C70377CF255C5A200093FDC1 /* ProductsViewController.swift in Sources */ = {isa = PBXBuildFile; fileRef = C71140212547BA38004F17F8 /* ProductsViewController.swift */; };
		C7113F8625477C45004F17F8 /* AppDelegate.swift in Sources */ = {isa = PBXBuildFile; fileRef = C7113F8525477C45004F17F8 /* AppDelegate.swift */; };
		C7113F8F25477C48004F17F8 /* Assets.xcassets in Resources */ = {isa = PBXBuildFile; fileRef = C7113F8E25477C48004F17F8 /* Assets.xcassets */; };
		C7113F9225477C48004F17F8 /* LaunchScreen.storyboard in Resources */ = {isa = PBXBuildFile; fileRef = C7113F9025477C48004F17F8 /* LaunchScreen.storyboard */; };
		C7113FD225478253004F17F8 /* MicroserviceRequesting.swift in Sources */ = {isa = PBXBuildFile; fileRef = C7113FD125478253004F17F8 /* MicroserviceRequesting.swift */; };
		C7113FE225478A05004F17F8 /* Config.swift in Sources */ = {isa = PBXBuildFile; fileRef = C7113FE125478A05004F17F8 /* Config.swift */; };
		C711400E25479D94004F17F8 /* CatalogRequest.swift in Sources */ = {isa = PBXBuildFile; fileRef = C711400D25479D94004F17F8 /* CatalogRequest.swift */; };
		C711401A2547A12E004F17F8 /* Product.swift in Sources */ = {isa = PBXBuildFile; fileRef = C71140192547A12E004F17F8 /* Product.swift */; };
		C711401E2547A6A7004F17F8 /* MicroserviceClient.swift in Sources */ = {isa = PBXBuildFile; fileRef = C711401D2547A6A7004F17F8 /* MicroserviceClient.swift */; };
		C711402A2548572B004F17F8 /* ReactiveTransforming.swift in Sources */ = {isa = PBXBuildFile; fileRef = C71140292548572B004F17F8 /* ReactiveTransforming.swift */; };
		C711402E25485C2E004F17F8 /* +.swift in Sources */ = {isa = PBXBuildFile; fileRef = C711402D25485C2E004F17F8 /* +.swift */; };
		C711403225486630004F17F8 /* Cart.swift in Sources */ = {isa = PBXBuildFile; fileRef = C711403125486630004F17F8 /* Cart.swift */; };
		C711403625486802004F17F8 /* CartRequest.swift in Sources */ = {isa = PBXBuildFile; fileRef = C711403525486802004F17F8 /* CartRequest.swift */; };
		C711403B2548827F004F17F8 /* CatalogViewModelTests.swift in Sources */ = {isa = PBXBuildFile; fileRef = C711403A2548827F004F17F8 /* CatalogViewModelTests.swift */; };
		C711404125488D6A004F17F8 /* CartViewModel.swift in Sources */ = {isa = PBXBuildFile; fileRef = C711404025488D6A004F17F8 /* CartViewModel.swift */; };
		C711404725489B18004F17F8 /* CartViewController.swift in Sources */ = {isa = PBXBuildFile; fileRef = C711404625489B18004F17F8 /* CartViewController.swift */; };
		C711404B2548A4F1004F17F8 /* CartService.swift in Sources */ = {isa = PBXBuildFile; fileRef = C711404A2548A4F1004F17F8 /* CartService.swift */; };
		C712BE23255B25180043BF3D /* Category.swift in Sources */ = {isa = PBXBuildFile; fileRef = C712BE22255B25180043BF3D /* Category.swift */; };
		C74EEA712568CC470095D617 /* ProductViewController.swift in Sources */ = {isa = PBXBuildFile; fileRef = C74EEA6F2568CC470095D617 /* ProductViewController.swift */; };
		C74EEA722568CC470095D617 /* ProductViewController.xib in Resources */ = {isa = PBXBuildFile; fileRef = C74EEA702568CC470095D617 /* ProductViewController.xib */; };
		C74EEA762568D1BC0095D617 /* ProductViewModel.swift in Sources */ = {isa = PBXBuildFile; fileRef = C74EEA752568D1BC0095D617 /* ProductViewModel.swift */; };
		C74EEA7C256BEAA40095D617 /* TabBarController.swift in Sources */ = {isa = PBXBuildFile; fileRef = C74EEA7B256BEAA40095D617 /* TabBarController.swift */; };
		C74EEA80256BEAC00095D617 /* TabBarViewModel.swift in Sources */ = {isa = PBXBuildFile; fileRef = C74EEA7F256BEAC00095D617 /* TabBarViewModel.swift */; };
		C75495EC256D2440000AE761 /* OrderConfirmViewController.swift in Sources */ = {isa = PBXBuildFile; fileRef = C75495EB256D2440000AE761 /* OrderConfirmViewController.swift */; };
		C75495F0256D2462000AE761 /* OrderRequest.swift in Sources */ = {isa = PBXBuildFile; fileRef = C75495EF256D2462000AE761 /* OrderRequest.swift */; };
		C75495F6256D248F000AE761 /* Order.swift in Sources */ = {isa = PBXBuildFile; fileRef = C75495F5256D248F000AE761 /* Order.swift */; };
		C75495FA256D2608000AE761 /* OrderConfirmViewModel.swift in Sources */ = {isa = PBXBuildFile; fileRef = C75495F9256D2608000AE761 /* OrderConfirmViewModel.swift */; };
		C77DD9C026970DC100BC0AD6 /* CartTableViewCell.swift in Sources */ = {isa = PBXBuildFile; fileRef = C77DD9BE26970DC100BC0AD6 /* CartTableViewCell.swift */; };
		C77DD9C126970DC100BC0AD6 /* CartTableViewCell.xib in Resources */ = {isa = PBXBuildFile; fileRef = C77DD9BF26970DC100BC0AD6 /* CartTableViewCell.xib */; };
		C785D6ED2557F77A0077CC98 /* CatalogService.swift in Sources */ = {isa = PBXBuildFile; fileRef = C785D6EC2557F77A0077CC98 /* CatalogService.swift */; };
		C78828D125658D5600379138 /* AuthViewController.swift in Sources */ = {isa = PBXBuildFile; fileRef = C78828CF25658D5600379138 /* AuthViewController.swift */; };
		C78828D225658D5600379138 /* AuthViewController.xib in Resources */ = {isa = PBXBuildFile; fileRef = C78828D025658D5600379138 /* AuthViewController.xib */; };
		C78828DE2565904400379138 /* IdentityService.swift in Sources */ = {isa = PBXBuildFile; fileRef = C78828DD2565904400379138 /* IdentityService.swift */; };
		C78828EE2565AB3800379138 /* AuthViewModel.swift in Sources */ = {isa = PBXBuildFile; fileRef = C78828D725658F9800379138 /* AuthViewModel.swift */; };
		C78828F22565C69C00379138 /* Constants.swift in Sources */ = {isa = PBXBuildFile; fileRef = C78828F12565C69C00379138 /* Constants.swift */; };
		C78B35292696164200103F18 /* OrderTableViewCell.swift in Sources */ = {isa = PBXBuildFile; fileRef = C78B35272696164200103F18 /* OrderTableViewCell.swift */; };
		C78B352A2696164200103F18 /* OrderTableViewCell.xib in Resources */ = {isa = PBXBuildFile; fileRef = C78B35282696164200103F18 /* OrderTableViewCell.xib */; };
		C791938B260770FD00B0D29A /* MediaRequest.swift in Sources */ = {isa = PBXBuildFile; fileRef = C7919388260768A000B0D29A /* MediaRequest.swift */; };
		C79403062564870C00D5E927 /* AuthRequest.swift in Sources */ = {isa = PBXBuildFile; fileRef = C79403052564870C00D5E927 /* AuthRequest.swift */; };
		C794030A2564879800D5E927 /* User.swift in Sources */ = {isa = PBXBuildFile; fileRef = C79403092564879800D5E927 /* User.swift */; };
		C794030E2564886E00D5E927 /* Token.swift in Sources */ = {isa = PBXBuildFile; fileRef = C794030D2564886E00D5E927 /* Token.swift */; };
		C79E8D79258525590035B91C /* UserViewController.swift in Sources */ = {isa = PBXBuildFile; fileRef = C79E8D78258525590035B91C /* UserViewController.swift */; };
		C79E8D7D2585256C0035B91C /* UserViewModel.swift in Sources */ = {isa = PBXBuildFile; fileRef = C79E8D7C2585256C0035B91C /* UserViewModel.swift */; };
		C79E8D8225855A9B0035B91C /* OrderViewController.swift in Sources */ = {isa = PBXBuildFile; fileRef = C79E8D8125855A9B0035B91C /* OrderViewController.swift */; };
		C79E8D8325855A9B0035B91C /* OrderViewModel.swift in Sources */ = {isa = PBXBuildFile; fileRef = C79E8D8025855A9A0035B91C /* OrderViewModel.swift */; };
		C7CCDA87256C850B00BE1F0A /* Builder.swift in Sources */ = {isa = PBXBuildFile; fileRef = C7CCDA86256C850B00BE1F0A /* Builder.swift */; };
		C7CCDA8B256C857600BE1F0A /* DependencyContainer.swift in Sources */ = {isa = PBXBuildFile; fileRef = C7CCDA8A256C857600BE1F0A /* DependencyContainer.swift */; };
		C7D399FE262376AF0044CF8D /* ProductTableViewCell.swift in Sources */ = {isa = PBXBuildFile; fileRef = C7D399FC262376AF0044CF8D /* ProductTableViewCell.swift */; };
		C7D399FF262376AF0044CF8D /* ProductTableViewCell.xib in Resources */ = {isa = PBXBuildFile; fileRef = C7D399FD262376AF0044CF8D /* ProductTableViewCell.xib */; };
/* End PBXBuildFile section */

/* Begin PBXContainerItemProxy section */
		C7113F9925477C48004F17F8 /* PBXContainerItemProxy */ = {
			isa = PBXContainerItemProxy;
			containerPortal = C7113F7A25477C45004F17F8 /* Project object */;
			proxyType = 1;
			remoteGlobalIDString = C7113F8125477C45004F17F8;
			remoteInfo = "frontend-ios";
		};
/* End PBXContainerItemProxy section */

/* Begin PBXFileReference section */
		1B88FF22933C1EC9EFD15D3A /* Pods_frontend_iosTests.framework */ = {isa = PBXFileReference; explicitFileType = wrapper.framework; includeInIndex = 0; path = Pods_frontend_iosTests.framework; sourceTree = BUILT_PRODUCTS_DIR; };
		217E245AF1CFFACDBA13BF14 /* Pods-frontend-ios.debug (acc).xcconfig */ = {isa = PBXFileReference; includeInIndex = 1; lastKnownFileType = text.xcconfig; name = "Pods-frontend-ios.debug (acc).xcconfig"; path = "Target Support Files/Pods-frontend-ios/Pods-frontend-ios.debug (acc).xcconfig"; sourceTree = "<group>"; };
		3DBE05EEAA09FB01E4D30B3F /* Pods-frontend-ios.debug (dev).xcconfig */ = {isa = PBXFileReference; includeInIndex = 1; lastKnownFileType = text.xcconfig; name = "Pods-frontend-ios.debug (dev).xcconfig"; path = "Target Support Files/Pods-frontend-ios/Pods-frontend-ios.debug (dev).xcconfig"; sourceTree = "<group>"; };
		40F813BF1644326731BB311F /* Pods-frontend-iosTests.debug (prod).xcconfig */ = {isa = PBXFileReference; includeInIndex = 1; lastKnownFileType = text.xcconfig; name = "Pods-frontend-iosTests.debug (prod).xcconfig"; path = "Target Support Files/Pods-frontend-iosTests/Pods-frontend-iosTests.debug (prod).xcconfig"; sourceTree = "<group>"; };
		54B6D14E3D4D5BA017482BCF /* Pods-frontend-iosTests.debug (dev).xcconfig */ = {isa = PBXFileReference; includeInIndex = 1; lastKnownFileType = text.xcconfig; name = "Pods-frontend-iosTests.debug (dev).xcconfig"; path = "Target Support Files/Pods-frontend-iosTests/Pods-frontend-iosTests.debug (dev).xcconfig"; sourceTree = "<group>"; };
		80F71DCFA9046B7B2E422BD8 /* Pods-frontend-iosTests.debug.xcconfig */ = {isa = PBXFileReference; includeInIndex = 1; lastKnownFileType = text.xcconfig; name = "Pods-frontend-iosTests.debug.xcconfig"; path = "Target Support Files/Pods-frontend-iosTests/Pods-frontend-iosTests.debug.xcconfig"; sourceTree = "<group>"; };
		81772DE10EDB9B505FC475EA /* Pods-frontend-ios.release.xcconfig */ = {isa = PBXFileReference; includeInIndex = 1; lastKnownFileType = text.xcconfig; name = "Pods-frontend-ios.release.xcconfig"; path = "Target Support Files/Pods-frontend-ios/Pods-frontend-ios.release.xcconfig"; sourceTree = "<group>"; };
		84B99D708CE8857EB75092C6 /* Pods_frontend_ios.framework */ = {isa = PBXFileReference; explicitFileType = wrapper.framework; includeInIndex = 0; path = Pods_frontend_ios.framework; sourceTree = BUILT_PRODUCTS_DIR; };
		9469D45777342A74C158DACD /* Pods-frontend-ios.debug (prod).xcconfig */ = {isa = PBXFileReference; includeInIndex = 1; lastKnownFileType = text.xcconfig; name = "Pods-frontend-ios.debug (prod).xcconfig"; path = "Target Support Files/Pods-frontend-ios/Pods-frontend-ios.debug (prod).xcconfig"; sourceTree = "<group>"; };
		C70377AC255C31680093FDC1 /* Coordinator.swift */ = {isa = PBXFileReference; lastKnownFileType = sourcecode.swift; path = Coordinator.swift; sourceTree = "<group>"; };
		C70377B6255C57C40093FDC1 /* CategoriesViewController.swift */ = {isa = PBXFileReference; lastKnownFileType = sourcecode.swift; path = CategoriesViewController.swift; sourceTree = "<group>"; };
		C70377B7255C57C50093FDC1 /* ProductsViewModel.swift */ = {isa = PBXFileReference; lastKnownFileType = sourcecode.swift; path = ProductsViewModel.swift; sourceTree = "<group>"; };
		C7113F8225477C45004F17F8 /* frontend-ios.app */ = {isa = PBXFileReference; explicitFileType = wrapper.application; includeInIndex = 0; path = "frontend-ios.app"; sourceTree = BUILT_PRODUCTS_DIR; };
		C7113F8525477C45004F17F8 /* AppDelegate.swift */ = {isa = PBXFileReference; lastKnownFileType = sourcecode.swift; path = AppDelegate.swift; sourceTree = "<group>"; };
		C7113F8E25477C48004F17F8 /* Assets.xcassets */ = {isa = PBXFileReference; lastKnownFileType = folder.assetcatalog; path = Assets.xcassets; sourceTree = "<group>"; };
		C7113F9125477C48004F17F8 /* Base */ = {isa = PBXFileReference; lastKnownFileType = file.storyboard; name = Base; path = Base.lproj/LaunchScreen.storyboard; sourceTree = "<group>"; };
		C7113F9325477C48004F17F8 /* Info.plist */ = {isa = PBXFileReference; lastKnownFileType = text.plist.xml; path = Info.plist; sourceTree = "<group>"; };
		C7113F9825477C48004F17F8 /* frontend-iosTests.xctest */ = {isa = PBXFileReference; explicitFileType = wrapper.cfbundle; includeInIndex = 0; path = "frontend-iosTests.xctest"; sourceTree = BUILT_PRODUCTS_DIR; };
		C7113F9E25477C48004F17F8 /* Info.plist */ = {isa = PBXFileReference; lastKnownFileType = text.plist.xml; path = Info.plist; sourceTree = "<group>"; };
		C7113FD125478253004F17F8 /* MicroserviceRequesting.swift */ = {isa = PBXFileReference; lastKnownFileType = sourcecode.swift; path = MicroserviceRequesting.swift; sourceTree = "<group>"; };
		C7113FE125478A05004F17F8 /* Config.swift */ = {isa = PBXFileReference; lastKnownFileType = sourcecode.swift; path = Config.swift; sourceTree = "<group>"; };
		C711400D25479D94004F17F8 /* CatalogRequest.swift */ = {isa = PBXFileReference; lastKnownFileType = sourcecode.swift; path = CatalogRequest.swift; sourceTree = "<group>"; };
		C71140192547A12E004F17F8 /* Product.swift */ = {isa = PBXFileReference; lastKnownFileType = sourcecode.swift; path = Product.swift; sourceTree = "<group>"; };
		C711401D2547A6A7004F17F8 /* MicroserviceClient.swift */ = {isa = PBXFileReference; lastKnownFileType = sourcecode.swift; path = MicroserviceClient.swift; sourceTree = "<group>"; };
		C71140212547BA38004F17F8 /* ProductsViewController.swift */ = {isa = PBXFileReference; lastKnownFileType = sourcecode.swift; path = ProductsViewController.swift; sourceTree = "<group>"; };
		C71140252547BA48004F17F8 /* CategoriesViewModel.swift */ = {isa = PBXFileReference; lastKnownFileType = sourcecode.swift; path = CategoriesViewModel.swift; sourceTree = "<group>"; };
		C71140292548572B004F17F8 /* ReactiveTransforming.swift */ = {isa = PBXFileReference; lastKnownFileType = sourcecode.swift; path = ReactiveTransforming.swift; sourceTree = "<group>"; };
		C711402D25485C2E004F17F8 /* +.swift */ = {isa = PBXFileReference; lastKnownFileType = sourcecode.swift; path = "+.swift"; sourceTree = "<group>"; };
		C711403125486630004F17F8 /* Cart.swift */ = {isa = PBXFileReference; lastKnownFileType = sourcecode.swift; path = Cart.swift; sourceTree = "<group>"; };
		C711403525486802004F17F8 /* CartRequest.swift */ = {isa = PBXFileReference; lastKnownFileType = sourcecode.swift; path = CartRequest.swift; sourceTree = "<group>"; };
		C711403A2548827F004F17F8 /* CatalogViewModelTests.swift */ = {isa = PBXFileReference; lastKnownFileType = sourcecode.swift; path = CatalogViewModelTests.swift; sourceTree = "<group>"; };
		C711404025488D6A004F17F8 /* CartViewModel.swift */ = {isa = PBXFileReference; lastKnownFileType = sourcecode.swift; path = CartViewModel.swift; sourceTree = "<group>"; };
		C711404625489B18004F17F8 /* CartViewController.swift */ = {isa = PBXFileReference; lastKnownFileType = sourcecode.swift; path = CartViewController.swift; sourceTree = "<group>"; };
		C711404A2548A4F1004F17F8 /* CartService.swift */ = {isa = PBXFileReference; lastKnownFileType = sourcecode.swift; path = CartService.swift; sourceTree = "<group>"; };
		C712BE22255B25180043BF3D /* Category.swift */ = {isa = PBXFileReference; lastKnownFileType = sourcecode.swift; path = Category.swift; sourceTree = "<group>"; };
		C74EEA6F2568CC470095D617 /* ProductViewController.swift */ = {isa = PBXFileReference; lastKnownFileType = sourcecode.swift; path = ProductViewController.swift; sourceTree = "<group>"; };
		C74EEA702568CC470095D617 /* ProductViewController.xib */ = {isa = PBXFileReference; lastKnownFileType = file.xib; path = ProductViewController.xib; sourceTree = "<group>"; };
		C74EEA752568D1BC0095D617 /* ProductViewModel.swift */ = {isa = PBXFileReference; lastKnownFileType = sourcecode.swift; path = ProductViewModel.swift; sourceTree = "<group>"; };
		C74EEA7B256BEAA40095D617 /* TabBarController.swift */ = {isa = PBXFileReference; lastKnownFileType = sourcecode.swift; path = TabBarController.swift; sourceTree = "<group>"; };
		C74EEA7F256BEAC00095D617 /* TabBarViewModel.swift */ = {isa = PBXFileReference; lastKnownFileType = sourcecode.swift; path = TabBarViewModel.swift; sourceTree = "<group>"; };
		C75495EB256D2440000AE761 /* OrderConfirmViewController.swift */ = {isa = PBXFileReference; lastKnownFileType = sourcecode.swift; path = OrderConfirmViewController.swift; sourceTree = "<group>"; };
		C75495EF256D2462000AE761 /* OrderRequest.swift */ = {isa = PBXFileReference; lastKnownFileType = sourcecode.swift; path = OrderRequest.swift; sourceTree = "<group>"; };
		C75495F5256D248F000AE761 /* Order.swift */ = {isa = PBXFileReference; lastKnownFileType = sourcecode.swift; path = Order.swift; sourceTree = "<group>"; };
		C75495F9256D2608000AE761 /* OrderConfirmViewModel.swift */ = {isa = PBXFileReference; lastKnownFileType = sourcecode.swift; path = OrderConfirmViewModel.swift; sourceTree = "<group>"; };
		C77DD9BE26970DC100BC0AD6 /* CartTableViewCell.swift */ = {isa = PBXFileReference; lastKnownFileType = sourcecode.swift; path = CartTableViewCell.swift; sourceTree = "<group>"; };
		C77DD9BF26970DC100BC0AD6 /* CartTableViewCell.xib */ = {isa = PBXFileReference; lastKnownFileType = file.xib; path = CartTableViewCell.xib; sourceTree = "<group>"; };
		C785D6EC2557F77A0077CC98 /* CatalogService.swift */ = {isa = PBXFileReference; lastKnownFileType = sourcecode.swift; path = CatalogService.swift; sourceTree = "<group>"; };
		C78828CF25658D5600379138 /* AuthViewController.swift */ = {isa = PBXFileReference; lastKnownFileType = sourcecode.swift; path = AuthViewController.swift; sourceTree = "<group>"; };
		C78828D025658D5600379138 /* AuthViewController.xib */ = {isa = PBXFileReference; lastKnownFileType = file.xib; path = AuthViewController.xib; sourceTree = "<group>"; };
		C78828D725658F9800379138 /* AuthViewModel.swift */ = {isa = PBXFileReference; lastKnownFileType = sourcecode.swift; path = AuthViewModel.swift; sourceTree = "<group>"; };
		C78828DD2565904400379138 /* IdentityService.swift */ = {isa = PBXFileReference; lastKnownFileType = sourcecode.swift; path = IdentityService.swift; sourceTree = "<group>"; };
		C78828F12565C69C00379138 /* Constants.swift */ = {isa = PBXFileReference; lastKnownFileType = sourcecode.swift; path = Constants.swift; sourceTree = "<group>"; };
		C78B35272696164200103F18 /* OrderTableViewCell.swift */ = {isa = PBXFileReference; lastKnownFileType = sourcecode.swift; path = OrderTableViewCell.swift; sourceTree = "<group>"; };
		C78B35282696164200103F18 /* OrderTableViewCell.xib */ = {isa = PBXFileReference; lastKnownFileType = file.xib; path = OrderTableViewCell.xib; sourceTree = "<group>"; };
		C7919388260768A000B0D29A /* MediaRequest.swift */ = {isa = PBXFileReference; lastKnownFileType = sourcecode.swift; path = MediaRequest.swift; sourceTree = "<group>"; };
		C79403052564870C00D5E927 /* AuthRequest.swift */ = {isa = PBXFileReference; lastKnownFileType = sourcecode.swift; path = AuthRequest.swift; sourceTree = "<group>"; };
		C79403092564879800D5E927 /* User.swift */ = {isa = PBXFileReference; lastKnownFileType = sourcecode.swift; path = User.swift; sourceTree = "<group>"; };
		C794030D2564886E00D5E927 /* Token.swift */ = {isa = PBXFileReference; lastKnownFileType = sourcecode.swift; path = Token.swift; sourceTree = "<group>"; };
		C79E8D78258525590035B91C /* UserViewController.swift */ = {isa = PBXFileReference; lastKnownFileType = sourcecode.swift; path = UserViewController.swift; sourceTree = "<group>"; };
		C79E8D7C2585256C0035B91C /* UserViewModel.swift */ = {isa = PBXFileReference; lastKnownFileType = sourcecode.swift; path = UserViewModel.swift; sourceTree = "<group>"; };
		C79E8D8025855A9A0035B91C /* OrderViewModel.swift */ = {isa = PBXFileReference; lastKnownFileType = sourcecode.swift; path = OrderViewModel.swift; sourceTree = "<group>"; };
		C79E8D8125855A9B0035B91C /* OrderViewController.swift */ = {isa = PBXFileReference; lastKnownFileType = sourcecode.swift; path = OrderViewController.swift; sourceTree = "<group>"; };
		C7CCDA86256C850B00BE1F0A /* Builder.swift */ = {isa = PBXFileReference; lastKnownFileType = sourcecode.swift; path = Builder.swift; sourceTree = "<group>"; };
		C7CCDA8A256C857600BE1F0A /* DependencyContainer.swift */ = {isa = PBXFileReference; lastKnownFileType = sourcecode.swift; path = DependencyContainer.swift; sourceTree = "<group>"; };
		C7D399FC262376AF0044CF8D /* ProductTableViewCell.swift */ = {isa = PBXFileReference; lastKnownFileType = sourcecode.swift; path = ProductTableViewCell.swift; sourceTree = "<group>"; };
		C7D399FD262376AF0044CF8D /* ProductTableViewCell.xib */ = {isa = PBXFileReference; lastKnownFileType = file.xib; path = ProductTableViewCell.xib; sourceTree = "<group>"; };
		DA82EECAFE162341B37EFCB7 /* Pods-frontend-iosTests.release.xcconfig */ = {isa = PBXFileReference; includeInIndex = 1; lastKnownFileType = text.xcconfig; name = "Pods-frontend-iosTests.release.xcconfig"; path = "Target Support Files/Pods-frontend-iosTests/Pods-frontend-iosTests.release.xcconfig"; sourceTree = "<group>"; };
		F6C3D0DFBCEEC258945BF18A /* Pods-frontend-iosTests.debug (acc).xcconfig */ = {isa = PBXFileReference; includeInIndex = 1; lastKnownFileType = text.xcconfig; name = "Pods-frontend-iosTests.debug (acc).xcconfig"; path = "Target Support Files/Pods-frontend-iosTests/Pods-frontend-iosTests.debug (acc).xcconfig"; sourceTree = "<group>"; };
		F6EB329C490B8742231C166E /* Pods-frontend-ios.debug.xcconfig */ = {isa = PBXFileReference; includeInIndex = 1; lastKnownFileType = text.xcconfig; name = "Pods-frontend-ios.debug.xcconfig"; path = "Target Support Files/Pods-frontend-ios/Pods-frontend-ios.debug.xcconfig"; sourceTree = "<group>"; };
/* End PBXFileReference section */

/* Begin PBXFrameworksBuildPhase section */
		C7113F7F25477C45004F17F8 /* Frameworks */ = {
			isa = PBXFrameworksBuildPhase;
			buildActionMask = 2147483647;
			files = (
				707C1FB8F76206361627D900 /* Pods_frontend_ios.framework in Frameworks */,
			);
			runOnlyForDeploymentPostprocessing = 0;
		};
		C7113F9525477C48004F17F8 /* Frameworks */ = {
			isa = PBXFrameworksBuildPhase;
			buildActionMask = 2147483647;
			files = (
				21FC07D3136ADBAC73EF6512 /* Pods_frontend_iosTests.framework in Frameworks */,
			);
			runOnlyForDeploymentPostprocessing = 0;
		};
/* End PBXFrameworksBuildPhase section */

/* Begin PBXGroup section */
		B52DB957501C9B4630A0C66D /* Frameworks */ = {
			isa = PBXGroup;
			children = (
				84B99D708CE8857EB75092C6 /* Pods_frontend_ios.framework */,
				1B88FF22933C1EC9EFD15D3A /* Pods_frontend_iosTests.framework */,
			);
			name = Frameworks;
			sourceTree = "<group>";
		};
		C7113F7925477C45004F17F8 = {
			isa = PBXGroup;
			children = (
				C7113F8425477C45004F17F8 /* frontend-ios */,
				C7113F9B25477C48004F17F8 /* frontend-iosTests */,
				C7113F8325477C45004F17F8 /* Products */,
				CDE2FC9619EC0D5D4C65CD96 /* Pods */,
				B52DB957501C9B4630A0C66D /* Frameworks */,
			);
			sourceTree = "<group>";
		};
		C7113F8325477C45004F17F8 /* Products */ = {
			isa = PBXGroup;
			children = (
				C7113F8225477C45004F17F8 /* frontend-ios.app */,
				C7113F9825477C48004F17F8 /* frontend-iosTests.xctest */,
			);
			name = Products;
			sourceTree = "<group>";
		};
		C7113F8425477C45004F17F8 /* frontend-ios */ = {
			isa = PBXGroup;
			children = (
				C7940304256485B800D5E927 /* identity */,
				C79402FF256328FD00D5E927 /* order */,
				C71C5A0625543FD7005BD5A2 /* catalog */,
				C71C5A0825543FFF005BD5A2 /* cart */,
				C7CCDA82256C846100BE1F0A /* tab */,
				C79193872607513500B0D29A /* media */,
				C7113FE125478A05004F17F8 /* Config.swift */,
				C711401D2547A6A7004F17F8 /* MicroserviceClient.swift */,
				C7113FD125478253004F17F8 /* MicroserviceRequesting.swift */,
				C71140292548572B004F17F8 /* ReactiveTransforming.swift */,
				C70377AC255C31680093FDC1 /* Coordinator.swift */,
				C7CCDA8A256C857600BE1F0A /* DependencyContainer.swift */,
				C7CCDA86256C850B00BE1F0A /* Builder.swift */,
				C78828F12565C69C00379138 /* Constants.swift */,
				C711402D25485C2E004F17F8 /* +.swift */,
				C7113F8525477C45004F17F8 /* AppDelegate.swift */,
				C7113F8E25477C48004F17F8 /* Assets.xcassets */,
				C7113F9025477C48004F17F8 /* LaunchScreen.storyboard */,
				C7113F9325477C48004F17F8 /* Info.plist */,
			);
			path = "frontend-ios";
			sourceTree = "<group>";
		};
		C7113F9B25477C48004F17F8 /* frontend-iosTests */ = {
			isa = PBXGroup;
			children = (
				C7113F9E25477C48004F17F8 /* Info.plist */,
				C711403A2548827F004F17F8 /* CatalogViewModelTests.swift */,
			);
			path = "frontend-iosTests";
			sourceTree = "<group>";
		};
		C71C5A0625543FD7005BD5A2 /* catalog */ = {
			isa = PBXGroup;
			children = (
				C71140192547A12E004F17F8 /* Product.swift */,
				C712BE22255B25180043BF3D /* Category.swift */,
				C711400D25479D94004F17F8 /* CatalogRequest.swift */,
				C785D6EC2557F77A0077CC98 /* CatalogService.swift */,
				C71140252547BA48004F17F8 /* CategoriesViewModel.swift */,
				C70377B6255C57C40093FDC1 /* CategoriesViewController.swift */,
				C70377B7255C57C50093FDC1 /* ProductsViewModel.swift */,
				C71140212547BA38004F17F8 /* ProductsViewController.swift */,
				C74EEA752568D1BC0095D617 /* ProductViewModel.swift */,
				C7D399FC262376AF0044CF8D /* ProductTableViewCell.swift */,
				C7D399FD262376AF0044CF8D /* ProductTableViewCell.xib */,
				C74EEA6F2568CC470095D617 /* ProductViewController.swift */,
				C74EEA702568CC470095D617 /* ProductViewController.xib */,
			);
			path = catalog;
			sourceTree = "<group>";
		};
		C71C5A0825543FFF005BD5A2 /* cart */ = {
			isa = PBXGroup;
			children = (
				C711403525486802004F17F8 /* CartRequest.swift */,
				C711404A2548A4F1004F17F8 /* CartService.swift */,
				C711404625489B18004F17F8 /* CartViewController.swift */,
				C711404025488D6A004F17F8 /* CartViewModel.swift */,
				C77DD9BE26970DC100BC0AD6 /* CartTableViewCell.swift */,
				C77DD9BF26970DC100BC0AD6 /* CartTableViewCell.xib */,
				C711403125486630004F17F8 /* Cart.swift */,
			);
			path = cart;
			sourceTree = "<group>";
		};
		C79193872607513500B0D29A /* media */ = {
			isa = PBXGroup;
			children = (
				C7919388260768A000B0D29A /* MediaRequest.swift */,
			);
			path = media;
			sourceTree = "<group>";
		};
		C79402FF256328FD00D5E927 /* order */ = {
			isa = PBXGroup;
			children = (
				C75495EB256D2440000AE761 /* OrderConfirmViewController.swift */,
				C75495F9256D2608000AE761 /* OrderConfirmViewModel.swift */,
				C75495EF256D2462000AE761 /* OrderRequest.swift */,
				C78B35272696164200103F18 /* OrderTableViewCell.swift */,
				C78B35282696164200103F18 /* OrderTableViewCell.xib */,
				C79E8D8025855A9A0035B91C /* OrderViewModel.swift */,
				C79E8D8125855A9B0035B91C /* OrderViewController.swift */,
				C75495F5256D248F000AE761 /* Order.swift */,
			);
			path = order;
			sourceTree = "<group>";
		};
		C7940304256485B800D5E927 /* identity */ = {
			isa = PBXGroup;
			children = (
				C78828CF25658D5600379138 /* AuthViewController.swift */,
				C78828D025658D5600379138 /* AuthViewController.xib */,
				C78828D725658F9800379138 /* AuthViewModel.swift */,
				C79403052564870C00D5E927 /* AuthRequest.swift */,
				C78828DD2565904400379138 /* IdentityService.swift */,
				C79E8D78258525590035B91C /* UserViewController.swift */,
				C79E8D7C2585256C0035B91C /* UserViewModel.swift */,
				C79403092564879800D5E927 /* User.swift */,
				C794030D2564886E00D5E927 /* Token.swift */,
			);
			path = identity;
			sourceTree = "<group>";
		};
		C7CCDA82256C846100BE1F0A /* tab */ = {
			isa = PBXGroup;
			children = (
				C74EEA7B256BEAA40095D617 /* TabBarController.swift */,
				C74EEA7F256BEAC00095D617 /* TabBarViewModel.swift */,
			);
			path = tab;
			sourceTree = "<group>";
		};
		CDE2FC9619EC0D5D4C65CD96 /* Pods */ = {
			isa = PBXGroup;
			children = (
				F6EB329C490B8742231C166E /* Pods-frontend-ios.debug.xcconfig */,
				81772DE10EDB9B505FC475EA /* Pods-frontend-ios.release.xcconfig */,
				80F71DCFA9046B7B2E422BD8 /* Pods-frontend-iosTests.debug.xcconfig */,
				DA82EECAFE162341B37EFCB7 /* Pods-frontend-iosTests.release.xcconfig */,
				3DBE05EEAA09FB01E4D30B3F /* Pods-frontend-ios.debug (dev).xcconfig */,
				217E245AF1CFFACDBA13BF14 /* Pods-frontend-ios.debug (acc).xcconfig */,
				9469D45777342A74C158DACD /* Pods-frontend-ios.debug (prod).xcconfig */,
				54B6D14E3D4D5BA017482BCF /* Pods-frontend-iosTests.debug (dev).xcconfig */,
				F6C3D0DFBCEEC258945BF18A /* Pods-frontend-iosTests.debug (acc).xcconfig */,
				40F813BF1644326731BB311F /* Pods-frontend-iosTests.debug (prod).xcconfig */,
			);
			path = Pods;
			sourceTree = "<group>";
		};
/* End PBXGroup section */

/* Begin PBXNativeTarget section */
		C7113F8125477C45004F17F8 /* frontend-ios */ = {
			isa = PBXNativeTarget;
			buildConfigurationList = C7113FAC25477C48004F17F8 /* Build configuration list for PBXNativeTarget "frontend-ios" */;
			buildPhases = (
				526FA068CDA87BC6B2C785C1 /* [CP] Check Pods Manifest.lock */,
				C7113F7E25477C45004F17F8 /* Sources */,
				C7113F7F25477C45004F17F8 /* Frameworks */,
				C7113F8025477C45004F17F8 /* Resources */,
				486D4670626E952944D28463 /* [CP] Embed Pods Frameworks */,
			);
			buildRules = (
			);
			dependencies = (
			);
			name = "frontend-ios";
			productName = "frontend-ios";
			productReference = C7113F8225477C45004F17F8 /* frontend-ios.app */;
			productType = "com.apple.product-type.application";
		};
		C7113F9725477C48004F17F8 /* frontend-iosTests */ = {
			isa = PBXNativeTarget;
			buildConfigurationList = C7113FAF25477C48004F17F8 /* Build configuration list for PBXNativeTarget "frontend-iosTests" */;
			buildPhases = (
				950DB852532802F067291B6B /* [CP] Check Pods Manifest.lock */,
				C7113F9425477C48004F17F8 /* Sources */,
				C7113F9525477C48004F17F8 /* Frameworks */,
				C7113F9625477C48004F17F8 /* Resources */,
				0C49D84699E56DE11F73AE80 /* [CP] Embed Pods Frameworks */,
			);
			buildRules = (
			);
			dependencies = (
				C7113F9A25477C48004F17F8 /* PBXTargetDependency */,
			);
			name = "frontend-iosTests";
			productName = "frontend-iosTests";
			productReference = C7113F9825477C48004F17F8 /* frontend-iosTests.xctest */;
			productType = "com.apple.product-type.bundle.unit-test";
		};
/* End PBXNativeTarget section */

/* Begin PBXProject section */
		C7113F7A25477C45004F17F8 /* Project object */ = {
			isa = PBXProject;
			attributes = {
				LastSwiftUpdateCheck = 1200;
				LastUpgradeCheck = 1200;
				TargetAttributes = {
					C7113F8125477C45004F17F8 = {
						CreatedOnToolsVersion = 12.0.1;
					};
					C7113F9725477C48004F17F8 = {
						CreatedOnToolsVersion = 12.0.1;
						LastSwiftMigration = 1200;
						TestTargetID = C7113F8125477C45004F17F8;
					};
				};
			};
			buildConfigurationList = C7113F7D25477C45004F17F8 /* Build configuration list for PBXProject "frontend-ios" */;
			compatibilityVersion = "Xcode 9.3";
			developmentRegion = en;
			hasScannedForEncodings = 0;
			knownRegions = (
				en,
				Base,
			);
			mainGroup = C7113F7925477C45004F17F8;
			productRefGroup = C7113F8325477C45004F17F8 /* Products */;
			projectDirPath = "";
			projectRoot = "";
			targets = (
				C7113F8125477C45004F17F8 /* frontend-ios */,
				C7113F9725477C48004F17F8 /* frontend-iosTests */,
			);
		};
/* End PBXProject section */

/* Begin PBXResourcesBuildPhase section */
		C7113F8025477C45004F17F8 /* Resources */ = {
			isa = PBXResourcesBuildPhase;
			buildActionMask = 2147483647;
			files = (
				C78B352A2696164200103F18 /* OrderTableViewCell.xib in Resources */,
				C7113F9225477C48004F17F8 /* LaunchScreen.storyboard in Resources */,
				C77DD9C126970DC100BC0AD6 /* CartTableViewCell.xib in Resources */,
				C78828D225658D5600379138 /* AuthViewController.xib in Resources */,
				C7D399FF262376AF0044CF8D /* ProductTableViewCell.xib in Resources */,
				C74EEA722568CC470095D617 /* ProductViewController.xib in Resources */,
				C7113F8F25477C48004F17F8 /* Assets.xcassets in Resources */,
			);
			runOnlyForDeploymentPostprocessing = 0;
		};
		C7113F9625477C48004F17F8 /* Resources */ = {
			isa = PBXResourcesBuildPhase;
			buildActionMask = 2147483647;
			files = (
			);
			runOnlyForDeploymentPostprocessing = 0;
		};
/* End PBXResourcesBuildPhase section */

/* Begin PBXShellScriptBuildPhase section */
		0C49D84699E56DE11F73AE80 /* [CP] Embed Pods Frameworks */ = {
			isa = PBXShellScriptBuildPhase;
			buildActionMask = 2147483647;
			files = (
			);
			inputFileListPaths = (
				"${PODS_ROOT}/Target Support Files/Pods-frontend-iosTests/Pods-frontend-iosTests-frameworks-${CONFIGURATION}-input-files.xcfilelist",
			);
			name = "[CP] Embed Pods Frameworks";
			outputFileListPaths = (
				"${PODS_ROOT}/Target Support Files/Pods-frontend-iosTests/Pods-frontend-iosTests-frameworks-${CONFIGURATION}-output-files.xcfilelist",
			);
			runOnlyForDeploymentPostprocessing = 0;
			shellPath = /bin/sh;
			shellScript = "\"${PODS_ROOT}/Target Support Files/Pods-frontend-iosTests/Pods-frontend-iosTests-frameworks.sh\"\n";
			showEnvVarsInLog = 0;
		};
		486D4670626E952944D28463 /* [CP] Embed Pods Frameworks */ = {
			isa = PBXShellScriptBuildPhase;
			buildActionMask = 2147483647;
			files = (
			);
			inputFileListPaths = (
				"${PODS_ROOT}/Target Support Files/Pods-frontend-ios/Pods-frontend-ios-frameworks-${CONFIGURATION}-input-files.xcfilelist",
			);
			name = "[CP] Embed Pods Frameworks";
			outputFileListPaths = (
				"${PODS_ROOT}/Target Support Files/Pods-frontend-ios/Pods-frontend-ios-frameworks-${CONFIGURATION}-output-files.xcfilelist",
			);
			runOnlyForDeploymentPostprocessing = 0;
			shellPath = /bin/sh;
			shellScript = "\"${PODS_ROOT}/Target Support Files/Pods-frontend-ios/Pods-frontend-ios-frameworks.sh\"\n";
			showEnvVarsInLog = 0;
		};
		526FA068CDA87BC6B2C785C1 /* [CP] Check Pods Manifest.lock */ = {
			isa = PBXShellScriptBuildPhase;
			buildActionMask = 2147483647;
			files = (
			);
			inputFileListPaths = (
			);
			inputPaths = (
				"${PODS_PODFILE_DIR_PATH}/Podfile.lock",
				"${PODS_ROOT}/Manifest.lock",
			);
			name = "[CP] Check Pods Manifest.lock";
			outputFileListPaths = (
			);
			outputPaths = (
				"$(DERIVED_FILE_DIR)/Pods-frontend-ios-checkManifestLockResult.txt",
			);
			runOnlyForDeploymentPostprocessing = 0;
			shellPath = /bin/sh;
			shellScript = "diff \"${PODS_PODFILE_DIR_PATH}/Podfile.lock\" \"${PODS_ROOT}/Manifest.lock\" > /dev/null\nif [ $? != 0 ] ; then\n    # print error to STDERR\n    echo \"error: The sandbox is not in sync with the Podfile.lock. Run 'pod install' or update your CocoaPods installation.\" >&2\n    exit 1\nfi\n# This output is used by Xcode 'outputs' to avoid re-running this script phase.\necho \"SUCCESS\" > \"${SCRIPT_OUTPUT_FILE_0}\"\n";
			showEnvVarsInLog = 0;
		};
		950DB852532802F067291B6B /* [CP] Check Pods Manifest.lock */ = {
			isa = PBXShellScriptBuildPhase;
			buildActionMask = 2147483647;
			files = (
			);
			inputFileListPaths = (
			);
			inputPaths = (
				"${PODS_PODFILE_DIR_PATH}/Podfile.lock",
				"${PODS_ROOT}/Manifest.lock",
			);
			name = "[CP] Check Pods Manifest.lock";
			outputFileListPaths = (
			);
			outputPaths = (
				"$(DERIVED_FILE_DIR)/Pods-frontend-iosTests-checkManifestLockResult.txt",
			);
			runOnlyForDeploymentPostprocessing = 0;
			shellPath = /bin/sh;
			shellScript = "diff \"${PODS_PODFILE_DIR_PATH}/Podfile.lock\" \"${PODS_ROOT}/Manifest.lock\" > /dev/null\nif [ $? != 0 ] ; then\n    # print error to STDERR\n    echo \"error: The sandbox is not in sync with the Podfile.lock. Run 'pod install' or update your CocoaPods installation.\" >&2\n    exit 1\nfi\n# This output is used by Xcode 'outputs' to avoid re-running this script phase.\necho \"SUCCESS\" > \"${SCRIPT_OUTPUT_FILE_0}\"\n";
			showEnvVarsInLog = 0;
		};
/* End PBXShellScriptBuildPhase section */

/* Begin PBXSourcesBuildPhase section */
		C7113F7E25477C45004F17F8 /* Sources */ = {
			isa = PBXSourcesBuildPhase;
			buildActionMask = 2147483647;
			files = (
				C7113FD225478253004F17F8 /* MicroserviceRequesting.swift in Sources */,
				C711404725489B18004F17F8 /* CartViewController.swift in Sources */,
				C785D6ED2557F77A0077CC98 /* CatalogService.swift in Sources */,
				C75495F0256D2462000AE761 /* OrderRequest.swift in Sources */,
				C7113FE225478A05004F17F8 /* Config.swift in Sources */,
				C70377CF255C5A200093FDC1 /* ProductsViewController.swift in Sources */,
				C74EEA712568CC470095D617 /* ProductViewController.swift in Sources */,
				C711404B2548A4F1004F17F8 /* CartService.swift in Sources */,
				C791938B260770FD00B0D29A /* MediaRequest.swift in Sources */,
				C711401E2547A6A7004F17F8 /* MicroserviceClient.swift in Sources */,
				C75495FA256D2608000AE761 /* OrderConfirmViewModel.swift in Sources */,
				C74EEA80256BEAC00095D617 /* TabBarViewModel.swift in Sources */,
				C77DD9C026970DC100BC0AD6 /* CartTableViewCell.swift in Sources */,
				C711402E25485C2E004F17F8 /* +.swift in Sources */,
				C711404125488D6A004F17F8 /* CartViewModel.swift in Sources */,
				C70377C9255C5A170093FDC1 /* CategoriesViewModel.swift in Sources */,
				C79E8D8325855A9B0035B91C /* OrderViewModel.swift in Sources */,
				C7113F8625477C45004F17F8 /* AppDelegate.swift in Sources */,
				C78828F22565C69C00379138 /* Constants.swift in Sources */,
				C7CCDA87256C850B00BE1F0A /* Builder.swift in Sources */,
				C70377CC255C5A1D0093FDC1 /* ProductsViewModel.swift in Sources */,
				C74EEA762568D1BC0095D617 /* ProductViewModel.swift in Sources */,
				C74EEA7C256BEAA40095D617 /* TabBarController.swift in Sources */,
				C70377C4255C5A130093FDC1 /* CategoriesViewController.swift in Sources */,
				C711403225486630004F17F8 /* Cart.swift in Sources */,
				C70377AD255C31680093FDC1 /* Coordinator.swift in Sources */,
				C794030E2564886E00D5E927 /* Token.swift in Sources */,
				C78828DE2565904400379138 /* IdentityService.swift in Sources */,
				C78828EE2565AB3800379138 /* AuthViewModel.swift in Sources */,
				C712BE23255B25180043BF3D /* Category.swift in Sources */,
				C7D399FE262376AF0044CF8D /* ProductTableViewCell.swift in Sources */,
				C79E8D8225855A9B0035B91C /* OrderViewController.swift in Sources */,
				C78828D125658D5600379138 /* AuthViewController.swift in Sources */,
				C79E8D79258525590035B91C /* UserViewController.swift in Sources */,
				C711403625486802004F17F8 /* CartRequest.swift in Sources */,
				C79403062564870C00D5E927 /* AuthRequest.swift in Sources */,
				C711402A2548572B004F17F8 /* ReactiveTransforming.swift in Sources */,
				C711400E25479D94004F17F8 /* CatalogRequest.swift in Sources */,
				C79E8D7D2585256C0035B91C /* UserViewModel.swift in Sources */,
				C78B35292696164200103F18 /* OrderTableViewCell.swift in Sources */,
				C75495F6256D248F000AE761 /* Order.swift in Sources */,
				C7CCDA8B256C857600BE1F0A /* DependencyContainer.swift in Sources */,
				C75495EC256D2440000AE761 /* OrderConfirmViewController.swift in Sources */,
				C711401A2547A12E004F17F8 /* Product.swift in Sources */,
				C794030A2564879800D5E927 /* User.swift in Sources */,
			);
			runOnlyForDeploymentPostprocessing = 0;
		};
		C7113F9425477C48004F17F8 /* Sources */ = {
			isa = PBXSourcesBuildPhase;
			buildActionMask = 2147483647;
			files = (
				C711403B2548827F004F17F8 /* CatalogViewModelTests.swift in Sources */,
			);
			runOnlyForDeploymentPostprocessing = 0;
		};
/* End PBXSourcesBuildPhase section */

/* Begin PBXTargetDependency section */
		C7113F9A25477C48004F17F8 /* PBXTargetDependency */ = {
			isa = PBXTargetDependency;
			target = C7113F8125477C45004F17F8 /* frontend-ios */;
			targetProxy = C7113F9925477C48004F17F8 /* PBXContainerItemProxy */;
		};
/* End PBXTargetDependency section */

/* Begin PBXVariantGroup section */
		C7113F9025477C48004F17F8 /* LaunchScreen.storyboard */ = {
			isa = PBXVariantGroup;
			children = (
				C7113F9125477C48004F17F8 /* Base */,
			);
			name = LaunchScreen.storyboard;
			sourceTree = "<group>";
		};
/* End PBXVariantGroup section */

/* Begin XCBuildConfiguration section */
		C7113FAA25477C48004F17F8 /* Debug (dev) */ = {
			isa = XCBuildConfiguration;
			buildSettings = {
				ALWAYS_SEARCH_USER_PATHS = NO;
				CLANG_ANALYZER_NONNULL = YES;
				CLANG_ANALYZER_NUMBER_OBJECT_CONVERSION = YES_AGGRESSIVE;
				CLANG_CXX_LANGUAGE_STANDARD = "gnu++14";
				CLANG_CXX_LIBRARY = "libc++";
				CLANG_ENABLE_MODULES = YES;
				CLANG_ENABLE_OBJC_ARC = YES;
				CLANG_ENABLE_OBJC_WEAK = YES;
				CLANG_WARN_BLOCK_CAPTURE_AUTORELEASING = YES;
				CLANG_WARN_BOOL_CONVERSION = YES;
				CLANG_WARN_COMMA = YES;
				CLANG_WARN_CONSTANT_CONVERSION = YES;
				CLANG_WARN_DEPRECATED_OBJC_IMPLEMENTATIONS = YES;
				CLANG_WARN_DIRECT_OBJC_ISA_USAGE = YES_ERROR;
				CLANG_WARN_DOCUMENTATION_COMMENTS = YES;
				CLANG_WARN_EMPTY_BODY = YES;
				CLANG_WARN_ENUM_CONVERSION = YES;
				CLANG_WARN_INFINITE_RECURSION = YES;
				CLANG_WARN_INT_CONVERSION = YES;
				CLANG_WARN_NON_LITERAL_NULL_CONVERSION = YES;
				CLANG_WARN_OBJC_IMPLICIT_RETAIN_SELF = YES;
				CLANG_WARN_OBJC_LITERAL_CONVERSION = YES;
				CLANG_WARN_OBJC_ROOT_CLASS = YES_ERROR;
				CLANG_WARN_QUOTED_INCLUDE_IN_FRAMEWORK_HEADER = YES;
				CLANG_WARN_RANGE_LOOP_ANALYSIS = YES;
				CLANG_WARN_STRICT_PROTOTYPES = YES;
				CLANG_WARN_SUSPICIOUS_MOVE = YES;
				CLANG_WARN_UNGUARDED_AVAILABILITY = YES_AGGRESSIVE;
				CLANG_WARN_UNREACHABLE_CODE = YES;
				CLANG_WARN__DUPLICATE_METHOD_MATCH = YES;
				COPY_PHASE_STRIP = NO;
				DEBUG_INFORMATION_FORMAT = dwarf;
				ENABLE_STRICT_OBJC_MSGSEND = YES;
				ENABLE_TESTABILITY = YES;
				GCC_C_LANGUAGE_STANDARD = gnu11;
				GCC_DYNAMIC_NO_PIC = NO;
				GCC_NO_COMMON_BLOCKS = YES;
				GCC_OPTIMIZATION_LEVEL = 0;
				GCC_PREPROCESSOR_DEFINITIONS = (
					"DEBUG=1",
					"$(inherited)",
				);
				GCC_WARN_64_TO_32_BIT_CONVERSION = YES;
				GCC_WARN_ABOUT_RETURN_TYPE = YES_ERROR;
				GCC_WARN_UNDECLARED_SELECTOR = YES;
				GCC_WARN_UNINITIALIZED_AUTOS = YES_AGGRESSIVE;
				GCC_WARN_UNUSED_FUNCTION = YES;
				GCC_WARN_UNUSED_VARIABLE = YES;
				IPHONEOS_DEPLOYMENT_TARGET = 10.0;
				MTL_ENABLE_DEBUG_INFO = INCLUDE_SOURCE;
				MTL_FAST_MATH = YES;
				ONLY_ACTIVE_ARCH = YES;
				SDKROOT = iphoneos;
				SWIFT_ACTIVE_COMPILATION_CONDITIONS = DEBUG;
				SWIFT_OPTIMIZATION_LEVEL = "-Onone";
			};
			name = "Debug (dev)";
		};
		C7113FAB25477C48004F17F8 /* Release */ = {
			isa = XCBuildConfiguration;
			buildSettings = {
				ALWAYS_SEARCH_USER_PATHS = NO;
				CLANG_ANALYZER_NONNULL = YES;
				CLANG_ANALYZER_NUMBER_OBJECT_CONVERSION = YES_AGGRESSIVE;
				CLANG_CXX_LANGUAGE_STANDARD = "gnu++14";
				CLANG_CXX_LIBRARY = "libc++";
				CLANG_ENABLE_MODULES = YES;
				CLANG_ENABLE_OBJC_ARC = YES;
				CLANG_ENABLE_OBJC_WEAK = YES;
				CLANG_WARN_BLOCK_CAPTURE_AUTORELEASING = YES;
				CLANG_WARN_BOOL_CONVERSION = YES;
				CLANG_WARN_COMMA = YES;
				CLANG_WARN_CONSTANT_CONVERSION = YES;
				CLANG_WARN_DEPRECATED_OBJC_IMPLEMENTATIONS = YES;
				CLANG_WARN_DIRECT_OBJC_ISA_USAGE = YES_ERROR;
				CLANG_WARN_DOCUMENTATION_COMMENTS = YES;
				CLANG_WARN_EMPTY_BODY = YES;
				CLANG_WARN_ENUM_CONVERSION = YES;
				CLANG_WARN_INFINITE_RECURSION = YES;
				CLANG_WARN_INT_CONVERSION = YES;
				CLANG_WARN_NON_LITERAL_NULL_CONVERSION = YES;
				CLANG_WARN_OBJC_IMPLICIT_RETAIN_SELF = YES;
				CLANG_WARN_OBJC_LITERAL_CONVERSION = YES;
				CLANG_WARN_OBJC_ROOT_CLASS = YES_ERROR;
				CLANG_WARN_QUOTED_INCLUDE_IN_FRAMEWORK_HEADER = YES;
				CLANG_WARN_RANGE_LOOP_ANALYSIS = YES;
				CLANG_WARN_STRICT_PROTOTYPES = YES;
				CLANG_WARN_SUSPICIOUS_MOVE = YES;
				CLANG_WARN_UNGUARDED_AVAILABILITY = YES_AGGRESSIVE;
				CLANG_WARN_UNREACHABLE_CODE = YES;
				CLANG_WARN__DUPLICATE_METHOD_MATCH = YES;
				COPY_PHASE_STRIP = NO;
				DEBUG_INFORMATION_FORMAT = "dwarf-with-dsym";
				ENABLE_NS_ASSERTIONS = NO;
				ENABLE_STRICT_OBJC_MSGSEND = YES;
				GCC_C_LANGUAGE_STANDARD = gnu11;
				GCC_NO_COMMON_BLOCKS = YES;
				GCC_WARN_64_TO_32_BIT_CONVERSION = YES;
				GCC_WARN_ABOUT_RETURN_TYPE = YES_ERROR;
				GCC_WARN_UNDECLARED_SELECTOR = YES;
				GCC_WARN_UNINITIALIZED_AUTOS = YES_AGGRESSIVE;
				GCC_WARN_UNUSED_FUNCTION = YES;
				GCC_WARN_UNUSED_VARIABLE = YES;
				IPHONEOS_DEPLOYMENT_TARGET = 10.0;
				MTL_ENABLE_DEBUG_INFO = NO;
				MTL_FAST_MATH = YES;
				SDKROOT = iphoneos;
				SWIFT_COMPILATION_MODE = wholemodule;
				SWIFT_OPTIMIZATION_LEVEL = "-O";
				VALIDATE_PRODUCT = YES;
			};
			name = Release;
		};
		C7113FAD25477C48004F17F8 /* Debug (dev) */ = {
			isa = XCBuildConfiguration;
			baseConfigurationReference = 3DBE05EEAA09FB01E4D30B3F /* Pods-frontend-ios.debug (dev).xcconfig */;
			buildSettings = {
				ASSETCATALOG_COMPILER_APPICON_NAME = AppIcon;
				ASSETCATALOG_COMPILER_GLOBAL_ACCENT_COLOR_NAME = AccentColor;
				CODE_SIGN_STYLE = Automatic;
				DEVELOPMENT_TEAM = UZAEKA4CYL;
				INFOPLIST_FILE = "frontend-ios/Info.plist";
				IPHONEOS_DEPLOYMENT_TARGET = 10.0;
				LD_RUNPATH_SEARCH_PATHS = (
					"$(inherited)",
					"@executable_path/Frameworks",
				);
				PRODUCT_BUNDLE_IDENTIFIER = "com.fabijanbajo.frontend-ios";
				PRODUCT_NAME = "$(TARGET_NAME)";
				SWIFT_VERSION = 5.0;
				TARGETED_DEVICE_FAMILY = "1,2";
			};
			name = "Debug (dev)";
		};
		C7113FAE25477C48004F17F8 /* Release */ = {
			isa = XCBuildConfiguration;
			baseConfigurationReference = 81772DE10EDB9B505FC475EA /* Pods-frontend-ios.release.xcconfig */;
			buildSettings = {
				ASSETCATALOG_COMPILER_APPICON_NAME = AppIcon;
				ASSETCATALOG_COMPILER_GLOBAL_ACCENT_COLOR_NAME = AccentColor;
				CODE_SIGN_STYLE = Automatic;
				DEVELOPMENT_TEAM = UZAEKA4CYL;
				INFOPLIST_FILE = "frontend-ios/Info.plist";
				IPHONEOS_DEPLOYMENT_TARGET = 10.0;
				LD_RUNPATH_SEARCH_PATHS = (
					"$(inherited)",
					"@executable_path/Frameworks",
				);
				PRODUCT_BUNDLE_IDENTIFIER = "com.fabijanbajo.frontend-ios";
				PRODUCT_NAME = "$(TARGET_NAME)";
				SWIFT_VERSION = 5.0;
				TARGETED_DEVICE_FAMILY = "1,2";
			};
			name = Release;
		};
		C7113FB025477C48004F17F8 /* Debug (dev) */ = {
			isa = XCBuildConfiguration;
			baseConfigurationReference = 54B6D14E3D4D5BA017482BCF /* Pods-frontend-iosTests.debug (dev).xcconfig */;
			buildSettings = {
				ALWAYS_EMBED_SWIFT_STANDARD_LIBRARIES = YES;
				BUNDLE_LOADER = "$(TEST_HOST)";
				CLANG_ENABLE_MODULES = YES;
				CODE_SIGN_STYLE = Automatic;
				DEVELOPMENT_TEAM = UZAEKA4CYL;
				INFOPLIST_FILE = "frontend-iosTests/Info.plist";
				IPHONEOS_DEPLOYMENT_TARGET = 14.0;
				LD_RUNPATH_SEARCH_PATHS = (
					"$(inherited)",
					"@executable_path/Frameworks",
					"@loader_path/Frameworks",
				);
				PRODUCT_BUNDLE_IDENTIFIER = "com.fabijanbajo.frontend-iosTests";
				PRODUCT_NAME = "$(TARGET_NAME)";
				SWIFT_OPTIMIZATION_LEVEL = "-Onone";
				SWIFT_VERSION = 5.0;
				TARGETED_DEVICE_FAMILY = "1,2";
				TEST_HOST = "$(BUILT_PRODUCTS_DIR)/frontend-ios.app/frontend-ios";
			};
			name = "Debug (dev)";
		};
		C7113FB125477C48004F17F8 /* Release */ = {
			isa = XCBuildConfiguration;
			baseConfigurationReference = DA82EECAFE162341B37EFCB7 /* Pods-frontend-iosTests.release.xcconfig */;
			buildSettings = {
				ALWAYS_EMBED_SWIFT_STANDARD_LIBRARIES = YES;
				BUNDLE_LOADER = "$(TEST_HOST)";
				CLANG_ENABLE_MODULES = YES;
				CODE_SIGN_STYLE = Automatic;
				DEVELOPMENT_TEAM = UZAEKA4CYL;
				INFOPLIST_FILE = "frontend-iosTests/Info.plist";
				IPHONEOS_DEPLOYMENT_TARGET = 14.0;
				LD_RUNPATH_SEARCH_PATHS = (
					"$(inherited)",
					"@executable_path/Frameworks",
					"@loader_path/Frameworks",
				);
				PRODUCT_BUNDLE_IDENTIFIER = "com.fabijanbajo.frontend-iosTests";
				PRODUCT_NAME = "$(TARGET_NAME)";
				SWIFT_VERSION = 5.0;
				TARGETED_DEVICE_FAMILY = "1,2";
				TEST_HOST = "$(BUILT_PRODUCTS_DIR)/frontend-ios.app/frontend-ios";
			};
			name = Release;
		};
		C7113FE525478A19004F17F8 /* Debug (prod) */ = {
			isa = XCBuildConfiguration;
			buildSettings = {
				ALWAYS_SEARCH_USER_PATHS = NO;
				CLANG_ANALYZER_NONNULL = YES;
				CLANG_ANALYZER_NUMBER_OBJECT_CONVERSION = YES_AGGRESSIVE;
				CLANG_CXX_LANGUAGE_STANDARD = "gnu++14";
				CLANG_CXX_LIBRARY = "libc++";
				CLANG_ENABLE_MODULES = YES;
				CLANG_ENABLE_OBJC_ARC = YES;
				CLANG_ENABLE_OBJC_WEAK = YES;
				CLANG_WARN_BLOCK_CAPTURE_AUTORELEASING = YES;
				CLANG_WARN_BOOL_CONVERSION = YES;
				CLANG_WARN_COMMA = YES;
				CLANG_WARN_CONSTANT_CONVERSION = YES;
				CLANG_WARN_DEPRECATED_OBJC_IMPLEMENTATIONS = YES;
				CLANG_WARN_DIRECT_OBJC_ISA_USAGE = YES_ERROR;
				CLANG_WARN_DOCUMENTATION_COMMENTS = YES;
				CLANG_WARN_EMPTY_BODY = YES;
				CLANG_WARN_ENUM_CONVERSION = YES;
				CLANG_WARN_INFINITE_RECURSION = YES;
				CLANG_WARN_INT_CONVERSION = YES;
				CLANG_WARN_NON_LITERAL_NULL_CONVERSION = YES;
				CLANG_WARN_OBJC_IMPLICIT_RETAIN_SELF = YES;
				CLANG_WARN_OBJC_LITERAL_CONVERSION = YES;
				CLANG_WARN_OBJC_ROOT_CLASS = YES_ERROR;
				CLANG_WARN_QUOTED_INCLUDE_IN_FRAMEWORK_HEADER = YES;
				CLANG_WARN_RANGE_LOOP_ANALYSIS = YES;
				CLANG_WARN_STRICT_PROTOTYPES = YES;
				CLANG_WARN_SUSPICIOUS_MOVE = YES;
				CLANG_WARN_UNGUARDED_AVAILABILITY = YES_AGGRESSIVE;
				CLANG_WARN_UNREACHABLE_CODE = YES;
				CLANG_WARN__DUPLICATE_METHOD_MATCH = YES;
				COPY_PHASE_STRIP = NO;
				DEBUG_INFORMATION_FORMAT = dwarf;
				ENABLE_STRICT_OBJC_MSGSEND = YES;
				ENABLE_TESTABILITY = YES;
				GCC_C_LANGUAGE_STANDARD = gnu11;
				GCC_DYNAMIC_NO_PIC = NO;
				GCC_NO_COMMON_BLOCKS = YES;
				GCC_OPTIMIZATION_LEVEL = 0;
				GCC_PREPROCESSOR_DEFINITIONS = (
					"DEBUG=1",
					"$(inherited)",
				);
				GCC_WARN_64_TO_32_BIT_CONVERSION = YES;
				GCC_WARN_ABOUT_RETURN_TYPE = YES_ERROR;
				GCC_WARN_UNDECLARED_SELECTOR = YES;
				GCC_WARN_UNINITIALIZED_AUTOS = YES_AGGRESSIVE;
				GCC_WARN_UNUSED_FUNCTION = YES;
				GCC_WARN_UNUSED_VARIABLE = YES;
				IPHONEOS_DEPLOYMENT_TARGET = 10.0;
				MTL_ENABLE_DEBUG_INFO = INCLUDE_SOURCE;
				MTL_FAST_MATH = YES;
				ONLY_ACTIVE_ARCH = YES;
				SDKROOT = iphoneos;
				SWIFT_ACTIVE_COMPILATION_CONDITIONS = DEBUG;
				SWIFT_OPTIMIZATION_LEVEL = "-Onone";
			};
			name = "Debug (prod)";
		};
		C7113FE625478A19004F17F8 /* Debug (prod) */ = {
			isa = XCBuildConfiguration;
			baseConfigurationReference = 9469D45777342A74C158DACD /* Pods-frontend-ios.debug (prod).xcconfig */;
			buildSettings = {
				ASSETCATALOG_COMPILER_APPICON_NAME = AppIcon;
				ASSETCATALOG_COMPILER_GLOBAL_ACCENT_COLOR_NAME = AccentColor;
				CODE_SIGN_STYLE = Automatic;
				DEVELOPMENT_TEAM = UZAEKA4CYL;
				INFOPLIST_FILE = "frontend-ios/Info.plist";
				IPHONEOS_DEPLOYMENT_TARGET = 10.0;
				LD_RUNPATH_SEARCH_PATHS = (
					"$(inherited)",
					"@executable_path/Frameworks",
				);
				PRODUCT_BUNDLE_IDENTIFIER = "com.fabijanbajo.frontend-ios";
				PRODUCT_NAME = "$(TARGET_NAME)";
				SWIFT_VERSION = 5.0;
				TARGETED_DEVICE_FAMILY = "1,2";
			};
			name = "Debug (prod)";
		};
		C7113FE725478A19004F17F8 /* Debug (prod) */ = {
			isa = XCBuildConfiguration;
			baseConfigurationReference = 40F813BF1644326731BB311F /* Pods-frontend-iosTests.debug (prod).xcconfig */;
			buildSettings = {
				ALWAYS_EMBED_SWIFT_STANDARD_LIBRARIES = YES;
				BUNDLE_LOADER = "$(TEST_HOST)";
				CLANG_ENABLE_MODULES = YES;
				CODE_SIGN_STYLE = Automatic;
				DEVELOPMENT_TEAM = UZAEKA4CYL;
				INFOPLIST_FILE = "frontend-iosTests/Info.plist";
				IPHONEOS_DEPLOYMENT_TARGET = 14.0;
				LD_RUNPATH_SEARCH_PATHS = (
					"$(inherited)",
					"@executable_path/Frameworks",
					"@loader_path/Frameworks",
				);
				PRODUCT_BUNDLE_IDENTIFIER = "com.fabijanbajo.frontend-iosTests";
				PRODUCT_NAME = "$(TARGET_NAME)";
				SWIFT_OPTIMIZATION_LEVEL = "-Onone";
				SWIFT_VERSION = 5.0;
				TARGETED_DEVICE_FAMILY = "1,2";
				TEST_HOST = "$(BUILT_PRODUCTS_DIR)/frontend-ios.app/frontend-ios";
			};
			name = "Debug (prod)";
		};
		C7113FE825478B42004F17F8 /* Debug (acc) */ = {
			isa = XCBuildConfiguration;
			buildSettings = {
				ALWAYS_SEARCH_USER_PATHS = NO;
				CLANG_ANALYZER_NONNULL = YES;
				CLANG_ANALYZER_NUMBER_OBJECT_CONVERSION = YES_AGGRESSIVE;
				CLANG_CXX_LANGUAGE_STANDARD = "gnu++14";
				CLANG_CXX_LIBRARY = "libc++";
				CLANG_ENABLE_MODULES = YES;
				CLANG_ENABLE_OBJC_ARC = YES;
				CLANG_ENABLE_OBJC_WEAK = YES;
				CLANG_WARN_BLOCK_CAPTURE_AUTORELEASING = YES;
				CLANG_WARN_BOOL_CONVERSION = YES;
				CLANG_WARN_COMMA = YES;
				CLANG_WARN_CONSTANT_CONVERSION = YES;
				CLANG_WARN_DEPRECATED_OBJC_IMPLEMENTATIONS = YES;
				CLANG_WARN_DIRECT_OBJC_ISA_USAGE = YES_ERROR;
				CLANG_WARN_DOCUMENTATION_COMMENTS = YES;
				CLANG_WARN_EMPTY_BODY = YES;
				CLANG_WARN_ENUM_CONVERSION = YES;
				CLANG_WARN_INFINITE_RECURSION = YES;
				CLANG_WARN_INT_CONVERSION = YES;
				CLANG_WARN_NON_LITERAL_NULL_CONVERSION = YES;
				CLANG_WARN_OBJC_IMPLICIT_RETAIN_SELF = YES;
				CLANG_WARN_OBJC_LITERAL_CONVERSION = YES;
				CLANG_WARN_OBJC_ROOT_CLASS = YES_ERROR;
				CLANG_WARN_QUOTED_INCLUDE_IN_FRAMEWORK_HEADER = YES;
				CLANG_WARN_RANGE_LOOP_ANALYSIS = YES;
				CLANG_WARN_STRICT_PROTOTYPES = YES;
				CLANG_WARN_SUSPICIOUS_MOVE = YES;
				CLANG_WARN_UNGUARDED_AVAILABILITY = YES_AGGRESSIVE;
				CLANG_WARN_UNREACHABLE_CODE = YES;
				CLANG_WARN__DUPLICATE_METHOD_MATCH = YES;
				COPY_PHASE_STRIP = NO;
				DEBUG_INFORMATION_FORMAT = dwarf;
				ENABLE_STRICT_OBJC_MSGSEND = YES;
				ENABLE_TESTABILITY = YES;
				GCC_C_LANGUAGE_STANDARD = gnu11;
				GCC_DYNAMIC_NO_PIC = NO;
				GCC_NO_COMMON_BLOCKS = YES;
				GCC_OPTIMIZATION_LEVEL = 0;
				GCC_PREPROCESSOR_DEFINITIONS = (
					"DEBUG=1",
					"$(inherited)",
				);
				GCC_WARN_64_TO_32_BIT_CONVERSION = YES;
				GCC_WARN_ABOUT_RETURN_TYPE = YES_ERROR;
				GCC_WARN_UNDECLARED_SELECTOR = YES;
				GCC_WARN_UNINITIALIZED_AUTOS = YES_AGGRESSIVE;
				GCC_WARN_UNUSED_FUNCTION = YES;
				GCC_WARN_UNUSED_VARIABLE = YES;
				IPHONEOS_DEPLOYMENT_TARGET = 10.0;
				MTL_ENABLE_DEBUG_INFO = INCLUDE_SOURCE;
				MTL_FAST_MATH = YES;
				ONLY_ACTIVE_ARCH = YES;
				SDKROOT = iphoneos;
				SWIFT_ACTIVE_COMPILATION_CONDITIONS = DEBUG;
				SWIFT_OPTIMIZATION_LEVEL = "-Onone";
			};
			name = "Debug (acc)";
		};
		C7113FE925478B42004F17F8 /* Debug (acc) */ = {
			isa = XCBuildConfiguration;
			baseConfigurationReference = 217E245AF1CFFACDBA13BF14 /* Pods-frontend-ios.debug (acc).xcconfig */;
			buildSettings = {
				ASSETCATALOG_COMPILER_APPICON_NAME = AppIcon;
				ASSETCATALOG_COMPILER_GLOBAL_ACCENT_COLOR_NAME = AccentColor;
				CODE_SIGN_STYLE = Automatic;
				DEVELOPMENT_TEAM = UZAEKA4CYL;
				INFOPLIST_FILE = "frontend-ios/Info.plist";
				IPHONEOS_DEPLOYMENT_TARGET = 10.0;
				LD_RUNPATH_SEARCH_PATHS = (
					"$(inherited)",
					"@executable_path/Frameworks",
				);
				PRODUCT_BUNDLE_IDENTIFIER = "com.fabijanbajo.frontend-ios";
				PRODUCT_NAME = "$(TARGET_NAME)";
				SWIFT_VERSION = 5.0;
				TARGETED_DEVICE_FAMILY = "1,2";
			};
			name = "Debug (acc)";
		};
		C7113FEA25478B42004F17F8 /* Debug (acc) */ = {
			isa = XCBuildConfiguration;
			baseConfigurationReference = F6C3D0DFBCEEC258945BF18A /* Pods-frontend-iosTests.debug (acc).xcconfig */;
			buildSettings = {
				ALWAYS_EMBED_SWIFT_STANDARD_LIBRARIES = YES;
				BUNDLE_LOADER = "$(TEST_HOST)";
				CLANG_ENABLE_MODULES = YES;
				CODE_SIGN_STYLE = Automatic;
				DEVELOPMENT_TEAM = UZAEKA4CYL;
				INFOPLIST_FILE = "frontend-iosTests/Info.plist";
				IPHONEOS_DEPLOYMENT_TARGET = 14.0;
				LD_RUNPATH_SEARCH_PATHS = (
					"$(inherited)",
					"@executable_path/Frameworks",
					"@loader_path/Frameworks",
				);
				PRODUCT_BUNDLE_IDENTIFIER = "com.fabijanbajo.frontend-iosTests";
				PRODUCT_NAME = "$(TARGET_NAME)";
				SWIFT_OPTIMIZATION_LEVEL = "-Onone";
				SWIFT_VERSION = 5.0;
				TARGETED_DEVICE_FAMILY = "1,2";
				TEST_HOST = "$(BUILT_PRODUCTS_DIR)/frontend-ios.app/frontend-ios";
			};
			name = "Debug (acc)";
		};
/* End XCBuildConfiguration section */

/* Begin XCConfigurationList section */
		C7113F7D25477C45004F17F8 /* Build configuration list for PBXProject "frontend-ios" */ = {
			isa = XCConfigurationList;
			buildConfigurations = (
				C7113FAA25477C48004F17F8 /* Debug (dev) */,
				C7113FE825478B42004F17F8 /* Debug (acc) */,
				C7113FE525478A19004F17F8 /* Debug (prod) */,
				C7113FAB25477C48004F17F8 /* Release */,
			);
			defaultConfigurationIsVisible = 0;
			defaultConfigurationName = Release;
		};
		C7113FAC25477C48004F17F8 /* Build configuration list for PBXNativeTarget "frontend-ios" */ = {
			isa = XCConfigurationList;
			buildConfigurations = (
				C7113FAD25477C48004F17F8 /* Debug (dev) */,
				C7113FE925478B42004F17F8 /* Debug (acc) */,
				C7113FE625478A19004F17F8 /* Debug (prod) */,
				C7113FAE25477C48004F17F8 /* Release */,
			);
			defaultConfigurationIsVisible = 0;
			defaultConfigurationName = Release;
		};
		C7113FAF25477C48004F17F8 /* Build configuration list for PBXNativeTarget "frontend-iosTests" */ = {
			isa = XCConfigurationList;
			buildConfigurations = (
				C7113FB025477C48004F17F8 /* Debug (dev) */,
				C7113FEA25478B42004F17F8 /* Debug (acc) */,
				C7113FE725478A19004F17F8 /* Debug (prod) */,
				C7113FB125477C48004F17F8 /* Release */,
			);
			defaultConfigurationIsVisible = 0;
			defaultConfigurationName = Release;
		};
/* End XCConfigurationList section */
	};
	rootObject = C7113F7A25477C45004F17F8 /* Project object */;
}
